// !$*UTF8*$!
{
	archiveVersion = 1;
	classes = {
	};
	objectVersion = 50;
	objects = {

/* Begin PBXBuildFile section */
		9B3C952D237F27E200452B5B /* GPAcalculaterViewController.swift in Sources */ = {isa = PBXBuildFile; fileRef = 9B3C952C237F27E200452B5B /* GPAcalculaterViewController.swift */; };
		9B641A05237DDC02000FFEE1 /* AppDelegate.swift in Sources */ = {isa = PBXBuildFile; fileRef = 9B641A04237DDC02000FFEE1 /* AppDelegate.swift */; };
		9B641A07237DDC02000FFEE1 /* SceneDelegate.swift in Sources */ = {isa = PBXBuildFile; fileRef = 9B641A06237DDC02000FFEE1 /* SceneDelegate.swift */; };
		9B641A09237DDC02000FFEE1 /* ViewController.swift in Sources */ = {isa = PBXBuildFile; fileRef = 9B641A08237DDC02000FFEE1 /* ViewController.swift */; };
		9B641A0C237DDC02000FFEE1 /* Main.storyboard in Resources */ = {isa = PBXBuildFile; fileRef = 9B641A0A237DDC02000FFEE1 /* Main.storyboard */; };
		9B641A0E237DDC04000FFEE1 /* Assets.xcassets in Resources */ = {isa = PBXBuildFile; fileRef = 9B641A0D237DDC04000FFEE1 /* Assets.xcassets */; };
		9B641A11237DDC04000FFEE1 /* LaunchScreen.storyboard in Resources */ = {isa = PBXBuildFile; fileRef = 9B641A0F237DDC04000FFEE1 /* LaunchScreen.storyboard */; };
		9B641A19237DE01D000FFEE1 /* studentStruct.swift in Sources */ = {isa = PBXBuildFile; fileRef = 9B641A18237DE01D000FFEE1 /* studentStruct.swift */; };
		9B641A1B237DE0A5000FFEE1 /* StudentTableViewController.swift in Sources */ = {isa = PBXBuildFile; fileRef = 9B641A1A237DE0A5000FFEE1 /* StudentTableViewController.swift */; };
/* End PBXBuildFile section */

/* Begin PBXFileReference section */
		9B3C952C237F27E200452B5B /* GPAcalculaterViewController.swift */ = {isa = PBXFileReference; lastKnownFileType = sourcecode.swift; path = GPAcalculaterViewController.swift; sourceTree = "<group>"; };
		9B641A01237DDC02000FFEE1 /* evneet_759831_gpaApp.app */ = {isa = PBXFileReference; explicitFileType = wrapper.application; includeInIndex = 0; path = evneet_759831_gpaApp.app; sourceTree = BUILT_PRODUCTS_DIR; };
		9B641A04237DDC02000FFEE1 /* AppDelegate.swift */ = {isa = PBXFileReference; lastKnownFileType = sourcecode.swift; path = AppDelegate.swift; sourceTree = "<group>"; };
		9B641A06237DDC02000FFEE1 /* SceneDelegate.swift */ = {isa = PBXFileReference; lastKnownFileType = sourcecode.swift; path = SceneDelegate.swift; sourceTree = "<group>"; };
		9B641A08237DDC02000FFEE1 /* ViewController.swift */ = {isa = PBXFileReference; lastKnownFileType = sourcecode.swift; path = ViewController.swift; sourceTree = "<group>"; };
		9B641A0B237DDC02000FFEE1 /* Base */ = {isa = PBXFileReference; lastKnownFileType = file.storyboard; name = Base; path = Base.lproj/Main.storyboard; sourceTree = "<group>"; };
		9B641A0D237DDC04000FFEE1 /* Assets.xcassets */ = {isa = PBXFileReference; lastKnownFileType = folder.assetcatalog; path = Assets.xcassets; sourceTree = "<group>"; };
		9B641A10237DDC04000FFEE1 /* Base */ = {isa = PBXFileReference; lastKnownFileType = file.storyboard; name = Base; path = Base.lproj/LaunchScreen.storyboard; sourceTree = "<group>"; };
		9B641A12237DDC04000FFEE1 /* Info.plist */ = {isa = PBXFileReference; lastKnownFileType = text.plist.xml; path = Info.plist; sourceTree = "<group>"; };
		9B641A18237DE01D000FFEE1 /* studentStruct.swift */ = {isa = PBXFileReference; lastKnownFileType = sourcecode.swift; path = studentStruct.swift; sourceTree = "<group>"; };
		9B641A1A237DE0A5000FFEE1 /* StudentTableViewController.swift */ = {isa = PBXFileReference; lastKnownFileType = sourcecode.swift; path = StudentTableViewController.swift; sourceTree = "<group>"; };
/* End PBXFileReference section */

/* Begin PBXFrameworksBuildPhase section */
		9B6419FE237DDC02000FFEE1 /* Frameworks */ = {
			isa = PBXFrameworksBuildPhase;
			buildActionMask = 2147483647;
			files = (
			);
			runOnlyForDeploymentPostprocessing = 0;
		};
/* End PBXFrameworksBuildPhase section */

/* Begin PBXGroup section */
		9B6419F8237DDC02000FFEE1 = {
			isa = PBXGroup;
			children = (
				9B641A03237DDC02000FFEE1 /* evneet_759831_gpaApp */,
				9B641A02237DDC02000FFEE1 /* Products */,
			);
			sourceTree = "<group>";
		};
		9B641A02237DDC02000FFEE1 /* Products */ = {
			isa = PBXGroup;
			children = (
				9B641A01237DDC02000FFEE1 /* evneet_759831_gpaApp.app */,
			);
			name = Products;
			sourceTree = "<group>";
		};
		9B641A03237DDC02000FFEE1 /* evneet_759831_gpaApp */ = {
			isa = PBXGroup;
			children = (
				9B641A04237DDC02000FFEE1 /* AppDelegate.swift */,
				9B641A06237DDC02000FFEE1 /* SceneDelegate.swift */,
				9B641A08237DDC02000FFEE1 /* ViewController.swift */,
				9B641A0A237DDC02000FFEE1 /* Main.storyboard */,
				9B641A0D237DDC04000FFEE1 /* Assets.xcassets */,
				9B641A0F237DDC04000FFEE1 /* LaunchScreen.storyboard */,
				9B641A12237DDC04000FFEE1 /* Info.plist */,
				9B641A18237DE01D000FFEE1 /* studentStruct.swift */,
				9B641A1A237DE0A5000FFEE1 /* StudentTableViewController.swift */,
				9B3C952C237F27E200452B5B /* GPAcalculaterViewController.swift */,
			);
			path = evneet_759831_gpaApp;
			sourceTree = "<group>";
		};
/* End PBXGroup section */

/* Begin PBXNativeTarget section */
		9B641A00237DDC02000FFEE1 /* evneet_759831_gpaApp */ = {
			isa = PBXNativeTarget;
			buildConfigurationList = 9B641A15237DDC04000FFEE1 /* Build configuration list for PBXNativeTarget "evneet_759831_gpaApp" */;
			buildPhases = (
				9B6419FD237DDC02000FFEE1 /* Sources */,
				9B6419FE237DDC02000FFEE1 /* Frameworks */,
				9B6419FF237DDC02000FFEE1 /* Resources */,
			);
			buildRules = (
			);
			dependencies = (
			);
			name = evneet_759831_gpaApp;
			productName = evneet_759831_gpaApp;
			productReference = 9B641A01237DDC02000FFEE1 /* evneet_759831_gpaApp.app */;
			productType = "com.apple.product-type.application";
		};
/* End PBXNativeTarget section */

/* Begin PBXProject section */
		9B6419F9237DDC02000FFEE1 /* Project object */ = {
			isa = PBXProject;
			attributes = {
				LastSwiftUpdateCheck = 1120;
				LastUpgradeCheck = 1120;
				ORGANIZATIONNAME = MacStudent;
				TargetAttributes = {
					9B641A00237DDC02000FFEE1 = {
						CreatedOnToolsVersion = 11.2;
					};
				};
			};
			buildConfigurationList = 9B6419FC237DDC02000FFEE1 /* Build configuration list for PBXProject "evneet_759831_gpaApp" */;
			compatibilityVersion = "Xcode 9.3";
			developmentRegion = en;
			hasScannedForEncodings = 0;
			knownRegions = (
				en,
				Base,
			);
			mainGroup = 9B6419F8237DDC02000FFEE1;
			productRefGroup = 9B641A02237DDC02000FFEE1 /* Products */;
			projectDirPath = "";
			projectRoot = "";
			targets = (
				9B641A00237DDC02000FFEE1 /* evneet_759831_gpaApp */,
			);
		};
/* End PBXProject section */

/* Begin PBXResourcesBuildPhase section */
		9B6419FF237DDC02000FFEE1 /* Resources */ = {
			isa = PBXResourcesBuildPhase;
			buildActionMask = 2147483647;
			files = (
				9B641A11237DDC04000FFEE1 /* LaunchScreen.storyboard in Resources */,
				9B641A0E237DDC04000FFEE1 /* Assets.xcassets in Resources */,
				9B641A0C237DDC02000FFEE1 /* Main.storyboard in Resources */,
			);
			runOnlyForDeploymentPostprocessing = 0;
		};
/* End PBXResourcesBuildPhase section */

/* Begin PBXSourcesBuildPhase section */
		9B6419FD237DDC02000FFEE1 /* Sources */ = {
			isa = PBXSourcesBuildPhase;
			buildActionMask = 2147483647;
			files = (
				9B641A09237DDC02000FFEE1 /* ViewController.swift in Sources */,
				9B3C952D237F27E200452B5B /* GPAcalculaterViewController.swift in Sources */,
				9B641A05237DDC02000FFEE1 /* AppDelegate.swift in Sources */,
				9B641A19237DE01D000FFEE1 /* studentStruct.swift in Sources */,
				9B641A1B237DE0A5000FFEE1 /* StudentTableViewController.swift in Sources */,
				9B641A07237DDC02000FFEE1 /* SceneDelegate.swift in Sources */,
			);
			runOnlyForDeploymentPostprocessing = 0;
		};
/* End PBXSourcesBuildPhase section */

/* Begin PBXVariantGroup section */
		9B641A0A237DDC02000FFEE1 /* Main.storyboard */ = {
			isa = PBXVariantGroup;
			children = (
				9B641A0B237DDC02000FFEE1 /* Base */,
			);
			name = Main.storyboard;
			sourceTree = "<group>";
		};
		9B641A0F237DDC04000FFEE1 /* LaunchScreen.storyboard */ = {
			isa = PBXVariantGroup;
			children = (
				9B641A10237DDC04000FFEE1 /* Base */,
			);
			name = LaunchScreen.storyboard;
			sourceTree = "<group>";
		};
/* End PBXVariantGroup section */

/* Begin XCBuildConfiguration section */
		9B641A13237DDC04000FFEE1 /* Debug */ = {
			isa = XCBuildConfiguration;
			buildSettings = {
				ALWAYS_SEARCH_USER_PATHS = NO;
				CLANG_ANALYZER_NONNULL = YES;
				CLANG_ANALYZER_NUMBER_OBJECT_CONVERSION = YES_AGGRESSIVE;
				CLANG_CXX_LANGUAGE_STANDARD = "gnu++14";
				CLANG_CXX_LIBRARY = "libc++";
				CLANG_ENABLE_MODULES = YES;
				CLANG_ENABLE_OBJC_ARC = YES;
				CLANG_ENABLE_OBJC_WEAK = YES;
				CLANG_WARN_BLOCK_CAPTURE_AUTORELEASING = YES;
				CLANG_WARN_BOOL_CONVERSION = YES;
				CLANG_WARN_COMMA = YES;
				CLANG_WARN_CONSTANT_CONVERSION = YES;
				CLANG_WARN_DEPRECATED_OBJC_IMPLEMENTATIONS = YES;
				CLANG_WARN_DIRECT_OBJC_ISA_USAGE = YES_ERROR;
				CLANG_WARN_DOCUMENTATION_COMMENTS = YES;
				CLANG_WARN_EMPTY_BODY = YES;
				CLANG_WARN_ENUM_CONVERSION = YES;
				CLANG_WARN_INFINITE_RECURSION = YES;
				CLANG_WARN_INT_CONVERSION = YES;
				CLANG_WARN_NON_LITERAL_NULL_CONVERSION = YES;
				CLANG_WARN_OBJC_IMPLICIT_RETAIN_SELF = YES;
				CLANG_WARN_OBJC_LITERAL_CONVERSION = YES;
				CLANG_WARN_OBJC_ROOT_CLASS = YES_ERROR;
				CLANG_WARN_RANGE_LOOP_ANALYSIS = YES;
				CLANG_WARN_STRICT_PROTOTYPES = YES;
				CLANG_WARN_SUSPICIOUS_MOVE = YES;
				CLANG_WARN_UNGUARDED_AVAILABILITY = YES_AGGRESSIVE;
				CLANG_WARN_UNREACHABLE_CODE = YES;
				CLANG_WARN__DUPLICATE_METHOD_MATCH = YES;
				COPY_PHASE_STRIP = NO;
				DEBUG_INFORMATION_FORMAT = dwarf;
				ENABLE_STRICT_OBJC_MSGSEND = YES;
				ENABLE_TESTABILITY = YES;
				GCC_C_LANGUAGE_STANDARD = gnu11;
				GCC_DYNAMIC_NO_PIC = NO;
				GCC_NO_COMMON_BLOCKS = YES;
				GCC_OPTIMIZATION_LEVEL = 0;
				GCC_PREPROCESSOR_DEFINITIONS = (
					"DEBUG=1",
					"$(inherited)",
				);
				GCC_WARN_64_TO_32_BIT_CONVERSION = YES;
				GCC_WARN_ABOUT_RETURN_TYPE = YES_ERROR;
				GCC_WARN_UNDECLARED_SELECTOR = YES;
				GCC_WARN_UNINITIALIZED_AUTOS = YES_AGGRESSIVE;
				GCC_WARN_UNUSED_FUNCTION = YES;
				GCC_WARN_UNUSED_VARIABLE = YES;
				IPHONEOS_DEPLOYMENT_TARGET = 13.2;
				MTL_ENABLE_DEBUG_INFO = INCLUDE_SOURCE;
				MTL_FAST_MATH = YES;
				ONLY_ACTIVE_ARCH = YES;
				SDKROOT = iphoneos;
				SWIFT_ACTIVE_COMPILATION_CONDITIONS = DEBUG;
				SWIFT_OPTIMIZATION_LEVEL = "-Onone";
			};
			name = Debug;
		};
		9B641A14237DDC04000FFEE1 /* Release */ = {
			isa = XCBuildConfiguration;
			buildSettings = {
				ALWAYS_SEARCH_USER_PATHS = NO;
				CLANG_ANALYZER_NONNULL = YES;
				CLANG_ANALYZER_NUMBER_OBJECT_CONVERSION = YES_AGGRESSIVE;
				CLANG_CXX_LANGUAGE_STANDARD = "gnu++14";
				CLANG_CXX_LIBRARY = "libc++";
				CLANG_ENABLE_MODULES = YES;
				CLANG_ENABLE_OBJC_ARC = YES;
				CLANG_ENABLE_OBJC_WEAK = YES;
				CLANG_WARN_BLOCK_CAPTURE_AUTORELEASING = YES;
				CLANG_WARN_BOOL_CONVERSION = YES;
				CLANG_WARN_COMMA = YES;
				CLANG_WARN_CONSTANT_CONVERSION = YES;
				CLANG_WARN_DEPRECATED_OBJC_IMPLEMENTATIONS = YES;
				CLANG_WARN_DIRECT_OBJC_ISA_USAGE = YES_ERROR;
				CLANG_WARN_DOCUMENTATION_COMMENTS = YES;
				CLANG_WARN_EMPTY_BODY = YES;
				CLANG_WARN_ENUM_CONVERSION = YES;
				CLANG_WARN_INFINITE_RECURSION = YES;
				CLANG_WARN_INT_CONVERSION = YES;
				CLANG_WARN_NON_LITERAL_NULL_CONVERSION = YES;
				CLANG_WARN_OBJC_IMPLICIT_RETAIN_SELF = YES;
				CLANG_WARN_OBJC_LITERAL_CONVERSION = YES;
				CLANG_WARN_OBJC_ROOT_CLASS = YES_ERROR;
				CLANG_WARN_RANGE_LOOP_ANALYSIS = YES;
				CLANG_WARN_STRICT_PROTOTYPES = YES;
				CLANG_WARN_SUSPICIOUS_MOVE = YES;
				CLANG_WARN_UNGUARDED_AVAILABILITY = YES_AGGRESSIVE;
				CLANG_WARN_UNREACHABLE_CODE = YES;
				CLANG_WARN__DUPLICATE_METHOD_MATCH = YES;
				COPY_PHASE_STRIP = NO;
				DEBUG_INFORMATION_FORMAT = "dwarf-with-dsym";
				ENABLE_NS_ASSERTIONS = NO;
				ENABLE_STRICT_OBJC_MSGSEND = YES;
				GCC_C_LANGUAGE_STANDARD = gnu11;
				GCC_NO_COMMON_BLOCKS = YES;
				GCC_WARN_64_TO_32_BIT_CONVERSION = YES;
				GCC_WARN_ABOUT_RETURN_TYPE = YES_ERROR;
				GCC_WARN_UNDECLARED_SELECTOR = YES;
				GCC_WARN_UNINITIALIZED_AUTOS = YES_AGGRESSIVE;
				GCC_WARN_UNUSED_FUNCTION = YES;
				GCC_WARN_UNUSED_VARIABLE = YES;
				IPHONEOS_DEPLOYMENT_TARGET = 13.2;
				MTL_ENABLE_DEBUG_INFO = NO;
				MTL_FAST_MATH = YES;
				SDKROOT = iphoneos;
				SWIFT_COMPILATION_MODE = wholemodule;
				SWIFT_OPTIMIZATION_LEVEL = "-O";
				VALIDATE_PRODUCT = YES;
			};
			name = Release;
		};
		9B641A16237DDC04000FFEE1 /* Debug */ = {
			isa = XCBuildConfiguration;
			buildSettings = {
				ASSETCATALOG_COMPILER_APPICON_NAME = AppIcon;
				CODE_SIGN_STYLE = Automatic;
				INFOPLIST_FILE = evneet_759831_gpaApp/Info.plist;
				LD_RUNPATH_SEARCH_PATHS = (
					"$(inherited)",
					"@executable_path/Frameworks",
				);
				PRODUCT_BUNDLE_IDENTIFIER = "CestarCollege.evneet-759831-gpaApp";
				PRODUCT_NAME = "$(TARGET_NAME)";
				SWIFT_VERSION = 5.0;
				TARGETED_DEVICE_FAMILY = "1,2";
			};
			name = Debug;
		};
		9B641A17237DDC04000FFEE1 /* Release */ = {
			isa = XCBuildConfiguration;
			buildSettings = {
				ASSETCATALOG_COMPILER_APPICON_NAME = AppIcon;
				CODE_SIGN_STYLE = Automatic;
				INFOPLIST_FILE = evneet_759831_gpaApp/Info.plist;
				LD_RUNPATH_SEARCH_PATHS = (
					"$(inherited)",
					"@executable_path/Frameworks",
				);
				PRODUCT_BUNDLE_IDENTIFIER = "CestarCollege.evneet-759831-gpaApp";
				PRODUCT_NAME = "$(TARGET_NAME)";
				SWIFT_VERSION = 5.0;
				TARGETED_DEVICE_FAMILY = "1,2";
			};
			name = Release;
		};
/* End XCBuildConfiguration section */

/* Begin XCConfigurationList section */
		9B6419FC237DDC02000FFEE1 /* Build configuration list for PBXProject "evneet_759831_gpaApp" */ = {
			isa = XCConfigurationList;
			buildConfigurations = (
				9B641A13237DDC04000FFEE1 /* Debug */,
				9B641A14237DDC04000FFEE1 /* Release */,
			);
			defaultConfigurationIsVisible = 0;
			defaultConfigurationName = Release;
		};
		9B641A15237DDC04000FFEE1 /* Build configuration list for PBXNativeTarget "evneet_759831_gpaApp" */ = {
			isa = XCConfigurationList;
			buildConfigurations = (
				9B641A16237DDC04000FFEE1 /* Debug */,
				9B641A17237DDC04000FFEE1 /* Release */,
			);
			defaultConfigurationIsVisible = 0;
			defaultConfigurationName = Release;
		};
/* End XCConfigurationList section */
	};
	rootObject = 9B6419F9237DDC02000FFEE1 /* Project object */;
}
